// !$*UTF8*$!
{
	archiveVersion = 1;
	classes = {
	};
	objectVersion = 56;
	objects = {

/* Begin PBXBuildFile section */
		448FC3062F80C88A002BECD3 /* LaughBoxApp.swift in Sources */ = {isa = PBXBuildFile; fileRef = 448FC3052F80C88A002BECD3 /* LaughBoxApp.swift */; };
		448FC30A2F80C89B002BECD3 /* Assets.xcassets in Resources */ = {isa = PBXBuildFile; fileRef = 448FC3092F80C89B002BECD3 /* Assets.xcassets */; };
		448FC30D2F80C89B002BECD3 /* Preview Assets.xcassets in Resources */ = {isa = PBXBuildFile; fileRef = 448FC30C2F80C89B002BECD3 /* Preview Assets.xcassets */; };
		448FC3172F80C89D002BECD3 /* LaughBoxTests.swift in Sources */ = {isa = PBXBuildFile; fileRef = 448FC3162F80C89D002BECD3 /* LaughBoxTests.swift */; };
		448FC3212F80C89D002BECD3 /* LaughBoxUITests.swift in Sources */ = {isa = PBXBuildFile; fileRef = 448FC3202F80C89D002BECD3 /* LaughBoxUITests.swift */; };
		448FC3232F80C89D002BECD3 /* LaughBoxUITestsLaunchTests.swift in Sources */ = {isa = PBXBuildFile; fileRef = 448FC3222F80C89D002BECD3 /* LaughBoxUITestsLaunchTests.swift */; };
		448FC3302F80C88A002BECD3 /* ContentView.swift in Sources */ = {isa = PBXBuildFile; fileRef = 448FC3312F80C88A002BECD3 /* ContentView.swift */; };
		448FC3322F80C88A002BECD3 /* JokesData.swift in Sources */ = {isa = PBXBuildFile; fileRef = 448FC3332F80C88A002BECD3 /* JokesData.swift */; };
		448FC3342F80C88A002BECD3 /* JokeService.swift in Sources */ = {isa = PBXBuildFile; fileRef = 448FC3352F80C88A002BECD3 /* JokeService.swift */; };
		448FC3362F80C88A002BECD3 /* jokes.json in Resources */ = {isa = PBXBuildFile; fileRef = 448FC3372F80C88A002BECD3 /* jokes.json */; };
/* End PBXBuildFile section */

/* Begin PBXContainerItemProxy section */
		448FC3132F80C89D002BECD3 /* PBXContainerItemProxy */ = {
			isa = PBXContainerItemProxy;
			containerPortal = 448FC2FA2F80C889002BECD3 /* Project object */;
			proxyType = 1;
			remoteGlobalIDString = 448FC3012F80C889002BECD3;
			remoteInfo = LaughBox;
		};
		448FC31D2F80C89D002BECD3 /* PBXContainerItemProxy */ = {
			isa = PBXContainerItemProxy;
			containerPortal = 448FC2FA2F80C889002BECD3 /* Project object */;
			proxyType = 1;
			remoteGlobalIDString = 448FC3012F80C889002BECD3;
			remoteInfo = LaughBox;
		};
/* End PBXContainerItemProxy section */

/* Begin PBXFileReference section */
		448FC3022F80C88A002BECD3 /* LaughBox.app */ = {isa = PBXFileReference; explicitFileType = wrapper.application; includeInIndex = 0; path = LaughBox.app; sourceTree = BUILT_PRODUCTS_DIR; };
		448FC3052F80C88A002BECD3 /* LaughBoxApp.swift */ = {isa = PBXFileReference; lastKnownFileType = sourcecode.swift; path = LaughBoxApp.swift; sourceTree = "<group>"; };
		448FC3092F80C89B002BECD3 /* Assets.xcassets */ = {isa = PBXFileReference; lastKnownFileType = folder.assetcatalog; path = Assets.xcassets; sourceTree = "<group>"; };
		448FC30C2F80C89B002BECD3 /* Preview Assets.xcassets */ = {isa = PBXFileReference; lastKnownFileType = folder.assetcatalog; path = "Preview Assets.xcassets"; sourceTree = "<group>"; };
		448FC3122F80C89D002BECD3 /* LaughBoxTests.xctest */ = {isa = PBXFileReference; explicitFileType = wrapper.cfbundle; includeInIndex = 0; path = LaughBoxTests.xctest; sourceTree = BUILT_PRODUCTS_DIR; };
		448FC3162F80C89D002BECD3 /* LaughBoxTests.swift */ = {isa = PBXFileReference; lastKnownFileType = sourcecode.swift; path = LaughBoxTests.swift; sourceTree = "<group>"; };
		448FC31C2F80C89D002BECD3 /* LaughBoxUITests.xctest */ = {isa = PBXFileReference; explicitFileType = wrapper.cfbundle; includeInIndex = 0; path = LaughBoxUITests.xctest; sourceTree = BUILT_PRODUCTS_DIR; };
		448FC3202F80C89D002BECD3 /* LaughBoxUITests.swift */ = {isa = PBXFileReference; lastKnownFileType = sourcecode.swift; path = LaughBoxUITests.swift; sourceTree = "<group>"; };
		448FC3222F80C89D002BECD3 /* LaughBoxUITestsLaunchTests.swift */ = {isa = PBXFileReference; lastKnownFileType = sourcecode.swift; path = LaughBoxUITestsLaunchTests.swift; sourceTree = "<group>"; };
		448FC3312F80C88A002BECD3 /* ContentView.swift */ = {isa = PBXFileReference; lastKnownFileType = sourcecode.swift; path = ContentView.swift; sourceTree = "<group>"; };
		448FC3332F80C88A002BECD3 /* JokesData.swift */ = {isa = PBXFileReference; lastKnownFileType = sourcecode.swift; path = JokesData.swift; sourceTree = "<group>"; };
		448FC3352F80C88A002BECD3 /* JokeService.swift */ = {isa = PBXFileReference; lastKnownFileType = sourcecode.swift; path = JokeService.swift; sourceTree = "<group>"; };
		448FC3372F80C88A002BECD3 /* jokes.json */ = {isa = PBXFileReference; lastKnownFileType = text.json; path = jokes.json; sourceTree = "<group>"; };
/* End PBXFileReference section */

/* Begin PBXFrameworksBuildPhase section */
		448FC2FF2F80C889002BECD3 /* Frameworks */ = {
			isa = PBXFrameworksBuildPhase;
			buildActionMask = 2147483647;
			files = (
			);
			runOnlyForDeploymentPostprocessing = 0;
		};
		448FC30F2F80C89D002BECD3 /* Frameworks */ = {
			isa = PBXFrameworksBuildPhase;
			buildActionMask = 2147483647;
			files = (
			);
			runOnlyForDeploymentPostprocessing = 0;
		};
		448FC3192F80C89D002BECD3 /* Frameworks */ = {
			isa = PBXFrameworksBuildPhase;
			buildActionMask = 2147483647;
			files = (
			);
			runOnlyForDeploymentPostprocessing = 0;
		};
/* End PBXFrameworksBuildPhase section */

/* Begin PBXGroup section */
		448FC2F92F80C889002BECD3 = {
			isa = PBXGroup;
			children = (
				448FC3042F80C88A002BECD3 /* LaughBox */,
				448FC3152F80C89D002BECD3 /* LaughBoxTests */,
				448FC31F2F80C89D002BECD3 /* LaughBoxUITests */,
				448FC3032F80C88A002BECD3 /* Products */,
			);
			sourceTree = "<group>";
		};
		448FC3032F80C88A002BECD3 /* Products */ = {
			isa = PBXGroup;
			children = (
				448FC3022F80C88A002BECD3 /* LaughBox.app */,
				448FC3122F80C89D002BECD3 /* LaughBoxTests.xctest */,
				448FC31C2F80C89D002BECD3 /* LaughBoxUITests.xctest */,
			);
			name = Products;
			sourceTree = "<group>";
		};
		448FC3042F80C88A002BECD3 /* LaughBox */ = {
			isa = PBXGroup;
			children = (
				448FC3052F80C88A002BECD3 /* LaughBoxApp.swift */,
				448FC3312F80C88A002BECD3 /* ContentView.swift */,
				448FC3332F80C88A002BECD3 /* JokesData.swift */,
				448FC3352F80C88A002BECD3 /* JokeService.swift */,
				448FC3372F80C88A002BECD3 /* jokes.json */,
				448FC3092F80C89B002BECD3 /* Assets.xcassets */,
				448FC30B2F80C89B002BECD3 /* Preview Content */,
			);
			path = LaughBox;
			sourceTree = "<group>";
		};
		448FC30B2F80C89B002BECD3 /* Preview Content */ = {
			isa = PBXGroup;
			children = (
				448FC30C2F80C89B002BECD3 /* Preview Assets.xcassets */,
			);
			path = "Preview Content";
			sourceTree = "<group>";
		};
		448FC3152F80C89D002BECD3 /* LaughBoxTests */ = {
			isa = PBXGroup;
			children = (
				448FC3162F80C89D002BECD3 /* LaughBoxTests.swift */,
			);
			path = LaughBoxTests;
			sourceTree = "<group>";
		};
		448FC31F2F80C89D002BECD3 /* LaughBoxUITests */ = {
			isa = PBXGroup;
			children = (
				448FC3202F80C89D002BECD3 /* LaughBoxUITests.swift */,
				448FC3222F80C89D002BECD3 /* LaughBoxUITestsLaunchTests.swift */,
			);
			path = LaughBoxUITests;
			sourceTree = "<group>";
		};
/* End PBXGroup section */

/* Begin PBXNativeTarget section */
		448FC3012F80C889002BECD3 /* LaughBox */ = {
			isa = PBXNativeTarget;
			buildConfigurationList = 448FC3262F80C89D002BECD3 /* Build configuration list for PBXNativeTarget "LaughBox" */;
			buildPhases = (
				448FC2FE2F80C889002BECD3 /* Sources */,
				448FC2FF2F80C889002BECD3 /* Frameworks */,
				448FC3002F80C889002BECD3 /* Resources */,
			);
			buildRules = (
			);
			dependencies = (
			);
			name = LaughBox;
			productName = LaughBox;
			productReference = 448FC3022F80C88A002BECD3 /* LaughBox.app */;
			productType = "com.apple.product-type.application";
		};
		448FC3112F80C89D002BECD3 /* LaughBoxTests */ = {
			isa = PBXNativeTarget;
			buildConfigurationList = 448FC3292F80C89D002BECD3 /* Build configuration list for PBXNativeTarget "LaughBoxTests" */;
			buildPhases = (
				448FC30E2F80C89D002BECD3 /* Sources */,
				448FC30F2F80C89D002BECD3 /* Frameworks */,
				448FC3102F80C89D002BECD3 /* Resources */,
			);
			buildRules = (
			);
			dependencies = (
				448FC3142F80C89D002BECD3 /* PBXTargetDependency */,
			);
			name = LaughBoxTests;
			productName = LaughBoxTests;
			productReference = 448FC3122F80C89D002BECD3 /* LaughBoxTests.xctest */;
			productType = "com.apple.product-type.bundle.unit-test";
		};
		448FC31B2F80C89D002BECD3 /* LaughBoxUITests */ = {
			isa = PBXNativeTarget;
			buildConfigurationList = 448FC32C2F80C89D002BECD3 /* Build configuration list for PBXNativeTarget "LaughBoxUITests" */;
			buildPhases = (
				448FC3182F80C89D002BECD3 /* Sources */,
				448FC3192F80C89D002BECD3 /* Frameworks */,
				448FC31A2F80C89D002BECD3 /* Resources */,
			);
			buildRules = (
			);
			dependencies = (
				448FC31E2F80C89D002BECD3 /* PBXTargetDependency */,
			);
			name = LaughBoxUITests;
			productName = LaughBoxUITests;
			productReference = 448FC31C2F80C89D002BECD3 /* LaughBoxUITests.xctest */;
			productType = "com.apple.product-type.bundle.ui-testing";
		};
/* End PBXNativeTarget section */

/* Begin PBXProject section */
		448FC2FA2F80C889002BECD3 /* Project object */ = {
			isa = PBXProject;
			attributes = {
				BuildIndependentTargetsInParallel = 1;
				LastSwiftUpdateCheck = 1420;
				LastUpgradeCheck = 1420;
				TargetAttributes = {
					448FC3012F80C889002BECD3 = {
						CreatedOnToolsVersion = 14.2;
					};
					448FC3112F80C89D002BECD3 = {
						CreatedOnToolsVersion = 14.2;
						TestTargetID = 448FC3012F80C889002BECD3;
					};
					448FC31B2F80C89D002BECD3 = {
						CreatedOnToolsVersion = 14.2;
						TestTargetID = 448FC3012F80C889002BECD3;
					};
				};
			};
			buildConfigurationList = 448FC2FD2F80C889002BECD3 /* Build configuration list for PBXProject "LaughBox" */;
			compatibilityVersion = "Xcode 14.0";
			developmentRegion = en;
			hasScannedForEncodings = 0;
			knownRegions = (
				en,
				Base,
			);
			mainGroup = 448FC2F92F80C889002BECD3;
			productRefGroup = 448FC3032F80C88A002BECD3 /* Products */;
			projectDirPath = "";
			projectRoot = "";
			targets = (
				448FC3012F80C889002BECD3 /* LaughBox */,
				448FC3112F80C89D002BECD3 /* LaughBoxTests */,
				448FC31B2F80C89D002BECD3 /* LaughBoxUITests */,
			);
		};
/* End PBXProject section */

/* Begin PBXResourcesBuildPhase section */
		448FC3002F80C889002BECD3 /* Resources */ = {
			isa = PBXResourcesBuildPhase;
			buildActionMask = 2147483647;
			files = (
				448FC30D2F80C89B002BECD3 /* Preview Assets.xcassets in Resources */,
				448FC30A2F80C89B002BECD3 /* Assets.xcassets in Resources */,
				448FC3362F80C88A002BECD3 /* jokes.json in Resources */,
			);
			runOnlyForDeploymentPostprocessing = 0;
		};
		448FC3102F80C89D002BECD3 /* Resources */ = {
			isa = PBXResourcesBuildPhase;
			buildActionMask = 2147483647;
			files = (
			);
			runOnlyForDeploymentPostprocessing = 0;
		};
		448FC31A2F80C89D002BECD3 /* Resources */ = {
			isa = PBXResourcesBuildPhase;
			buildActionMask = 2147483647;
			files = (
			);
			runOnlyForDeploymentPostprocessing = 0;
		};
/* End PBXResourcesBuildPhase section */

/* Begin PBXSourcesBuildPhase section */
		448FC2FE2F80C889002BECD3 /* Sources */ = {
			isa = PBXSourcesBuildPhase;
			buildActionMask = 2147483647;
			files = (
				448FC3062F80C88A002BECD3 /* LaughBoxApp.swift in Sources */,
				448FC3302F80C88A002BECD3 /* ContentView.swift in Sources */,
				448FC3322F80C88A002BECD3 /* JokesData.swift in Sources */,
				448FC3342F80C88A002BECD3 /* JokeService.swift in Sources */,
			);
			runOnlyForDeploymentPostprocessing = 0;
		};
		448FC30E2F80C89D002BECD3 /* Sources */ = {
			isa = PBXSourcesBuildPhase;
			buildActionMask = 2147483647;
			files = (
				448FC3172F80C89D002BECD3 /* LaughBoxTests.swift in Sources */,
			);
			runOnlyForDeploymentPostprocessing = 0;
		};
		448FC3182F80C89D002BECD3 /* Sources */ = {
			isa = PBXSourcesBuildPhase;
			buildActionMask = 2147483647;
			files = (
				448FC3232F80C89D002BECD3 /* LaughBoxUITestsLaunchTests.swift in Sources */,
				448FC3212F80C89D002BECD3 /* LaughBoxUITests.swift in Sources */,
			);
			runOnlyForDeploymentPostprocessing = 0;
		};
/* End PBXSourcesBuildPhase section */

/* Begin PBXTargetDependency section */
		448FC3142F80C89D002BECD3 /* PBXTargetDependency */ = {
			isa = PBXTargetDependency;
			target = 448FC3012F80C889002BECD3 /* LaughBox */;
			targetProxy = 448FC3132F80C89D002BECD3 /* PBXContainerItemProxy */;
		};
		448FC31E2F80C89D002BECD3 /* PBXTargetDependency */ = {
			isa = PBXTargetDependency;
			target = 448FC3012F80C889002BECD3 /* LaughBox */;
			targetProxy = 448FC31D2F80C89D002BECD3 /* PBXContainerItemProxy */;
		};
/* End PBXTargetDependency section */

/* Begin XCBuildConfiguration section */
		448FC3242F80C89D002BECD3 /* Debug */ = {
			isa = XCBuildConfiguration;
			buildSettings = {
				ALWAYS_SEARCH_USER_PATHS = NO;
				CLANG_ANALYZER_NONNULL = YES;
				CLANG_ANALYZER_NUMBER_OBJECT_CONVERSION = YES_AGGRESSIVE;
				CLANG_CXX_LANGUAGE_STANDARD = "gnu++20";
				CLANG_ENABLE_MODULES = YES;
				CLANG_ENABLE_OBJC_ARC = YES;
				CLANG_ENABLE_OBJC_WEAK = YES;
				CLANG_WARN_BLOCK_CAPTURE_AUTORELEASING = YES;
				CLANG_WARN_BOOL_CONVERSION = YES;
				CLANG_WARN_COMMA = YES;
				CLANG_WARN_CONSTANT_CONVERSION = YES;
				CLANG_WARN_DEPRECATED_OBJC_IMPLEMENTATIONS = YES;
				CLANG_WARN_DIRECT_OBJC_ISA_USAGE = YES_ERROR;
				CLANG_WARN_DOCUMENTATION_COMMENTS = YES;
				CLANG_WARN_EMPTY_BODY = YES;
				CLANG_WARN_ENUM_CONVERSION = YES;
				CLANG_WARN_INFINITE_RECURSION = YES;
				CLANG_WARN_INT_CONVERSION = YES;
				CLANG_WARN_NON_LITERAL_NULL_CONVERSION = YES;
				CLANG_WARN_OBJC_IMPLICIT_RETAIN_SELF = YES;
				CLANG_WARN_OBJC_LITERAL_CONVERSION = YES;
				CLANG_WARN_OBJC_ROOT_CLASS = YES_ERROR;
				CLANG_WARN_QUOTED_INCLUDE_IN_FRAMEWORK_HEADER = YES;
				CLANG_WARN_RANGE_LOOP_ANALYSIS = YES;
				CLANG_WARN_STRICT_PROTOTYPES = YES;
				CLANG_WARN_SUSPICIOUS_MOVE = YES;
				CLANG_WARN_UNGUARDED_AVAILABILITY = YES_AGGRESSIVE;
				CLANG_WARN_UNREACHABLE_CODE = YES;
				CLANG_WARN__DUPLICATE_METHOD_MATCH = YES;
				COPY_PHASE_STRIP = NO;
				DEBUG_INFORMATION_FORMAT = dwarf;
				ENABLE_STRICT_OBJC_MSGSEND = YES;
				ENABLE_TESTABILITY = YES;
				GCC_C_LANGUAGE_STANDARD = gnu11;
				GCC_DYNAMIC_NO_PIC = NO;
				GCC_NO_COMMON_BLOCKS = YES;
				GCC_OPTIMIZATION_LEVEL = 0;
				GCC_PREPROCESSOR_DEFINITIONS = (
					"DEBUG=1",
					"$(inherited)",
				);
				GCC_WARN_64_TO_32_BIT_CONVERSION = YES;
				GCC_WARN_ABOUT_RETURN_TYPE = YES_ERROR;
				GCC_WARN_UNDECLARED_SELECTOR = YES;
				GCC_WARN_UNINITIALIZED_AUTOS = YES_AGGRESSIVE;
				GCC_WARN_UNUSED_FUNCTION = YES;
				GCC_WARN_UNUSED_VARIABLE = YES;
				IPHONEOS_DEPLOYMENT_TARGET = 16.2;
				MTL_ENABLE_DEBUG_INFO = INCLUDE_SOURCE;
				MTL_FAST_MATH = YES;
				ONLY_ACTIVE_ARCH = YES;
				SDKROOT = iphoneos;
				SWIFT_ACTIVE_COMPILATION_CONDITIONS = DEBUG;
				SWIFT_OPTIMIZATION_LEVEL = "-Onone";
			};
			name = Debug;
		};
		448FC3252F80C89D002BECD3 /* Release */ = {
			isa = XCBuildConfiguration;
			buildSettings = {
				ALWAYS_SEARCH_USER_PATHS = NO;
				CLANG_ANALYZER_NONNULL = YES;
				CLANG_ANALYZER_NUMBER_OBJECT_CONVERSION = YES_AGGRESSIVE;
				CLANG_CXX_LANGUAGE_STANDARD = "gnu++20";
				CLANG_ENABLE_MODULES = YES;
				CLANG_ENABLE_OBJC_ARC = YES;
				CLANG_ENABLE_OBJC_WEAK = YES;
				CLANG_WARN_BLOCK_CAPTURE_AUTORELEASING = YES;
				CLANG_WARN_BOOL_CONVERSION = YES;
				CLANG_WARN_COMMA = YES;
				CLANG_WARN_CONSTANT_CONVERSION = YES;
				CLANG_WARN_DEPRECATED_OBJC_IMPLEMENTATIONS = YES;
				CLANG_WARN_DIRECT_OBJC_ISA_USAGE = YES_ERROR;
				CLANG_WARN_DOCUMENTATION_COMMENTS = YES;
				CLANG_WARN_EMPTY_BODY = YES;
				CLANG_WARN_ENUM_CONVERSION = YES;
				CLANG_WARN_INFINITE_RECURSION = YES;
				CLANG_WARN_INT_CONVERSION = YES;
				CLANG_WARN_NON_LITERAL_NULL_CONVERSION = YES;
				CLANG_WARN_OBJC_IMPLICIT_RETAIN_SELF = YES;
				CLANG_WARN_OBJC_LITERAL_CONVERSION = YES;
				CLANG_WARN_OBJC_ROOT_CLASS = YES_ERROR;
				CLANG_WARN_QUOTED_INCLUDE_IN_FRAMEWORK_HEADER = YES;
				CLANG_WARN_RANGE_LOOP_ANALYSIS = YES;
				CLANG_WARN_STRICT_PROTOTYPES = YES;
				CLANG_WARN_SUSPICIOUS_MOVE = YES;
				CLANG_WARN_UNGUARDED_AVAILABILITY = YES_AGGRESSIVE;
				CLANG_WARN_UNREACHABLE_CODE = YES;
				CLANG_WARN__DUPLICATE_METHOD_MATCH = YES;
				COPY_PHASE_STRIP = NO;
				DEBUG_INFORMATION_FORMAT = "dwarf-with-dsym";
				ENABLE_NS_ASSERTIONS = NO;
				ENABLE_STRICT_OBJC_MSGSEND = YES;
				GCC_C_LANGUAGE_STANDARD = gnu11;
				GCC_NO_COMMON_BLOCKS = YES;
				GCC_WARN_64_TO_32_BIT_CONVERSION = YES;
				GCC_WARN_ABOUT_RETURN_TYPE = YES_ERROR;
				GCC_WARN_UNDECLARED_SELECTOR = YES;
				GCC_WARN_UNINITIALIZED_AUTOS = YES_AGGRESSIVE;
				GCC_WARN_UNUSED_FUNCTION = YES;
				GCC_WARN_UNUSED_VARIABLE = YES;
				IPHONEOS_DEPLOYMENT_TARGET = 16.2;
				MTL_ENABLE_DEBUG_INFO = NO;
				MTL_FAST_MATH = YES;
				SDKROOT = iphoneos;
				SWIFT_COMPILATION_MODE = wholemodule;
				SWIFT_OPTIMIZATION_LEVEL = "-O";
				VALIDATE_PRODUCT = YES;
			};
			name = Release;
		};
		448FC3272F80C89D002BECD3 /* Debug */ = {
			isa = XCBuildConfiguration;
			buildSettings = {
				ASSETCATALOG_COMPILER_APPICON_NAME = AppIcon;
				ASSETCATALOG_COMPILER_GLOBAL_ACCENT_COLOR_NAME = AccentColor;
				"CODE_SIGN_IDENTITY[sdk=iphoneos*]" = "iPhone Distribution";
				CODE_SIGN_STYLE = Manual;
				CURRENT_PROJECT_VERSION = 4;
				DEVELOPMENT_ASSET_PATHS = "\"LaughBox/Preview Content\"";
				DEVELOPMENT_TEAM = "";
				"DEVELOPMENT_TEAM[sdk=iphoneos*]" = 63QFK8962Z;
				ENABLE_PREVIEWS = YES;
				GENERATE_INFOPLIST_FILE = YES;
				INFOPLIST_KEY_UIApplicationSceneManifest_Generation = YES;
				INFOPLIST_KEY_UIApplicationSupportsIndirectInputEvents = YES;
				INFOPLIST_KEY_UILaunchScreen_Generation = YES;
				INFOPLIST_KEY_UISupportedInterfaceOrientations_iPad = "UIInterfaceOrientationPortrait UIInterfaceOrientationPortraitUpsideDown UIInterfaceOrientationLandscapeLeft UIInterfaceOrientationLandscapeRight";
				INFOPLIST_KEY_UISupportedInterfaceOrientations_iPhone = "UIInterfaceOrientationPortrait UIInterfaceOrientationLandscapeLeft UIInterfaceOrientationLandscapeRight";
				LD_RUNPATH_SEARCH_PATHS = (
					"$(inherited)",
					"@executable_path/Frameworks",
				);
				MARKETING_VERSION = 1.0;
				PRODUCT_BUNDLE_IDENTIFIER = Mahim.LaughBox;
				PRODUCT_NAME = "$(TARGET_NAME)";
				PROVISIONING_PROFILE_SPECIFIER = "";
				"PROVISIONING_PROFILE_SPECIFIER[sdk=iphoneos*]" = "LaughBox Distribution";
				SWIFT_EMIT_LOC_STRINGS = YES;
				SWIFT_VERSION = 5.0;
				TARGETED_DEVICE_FAMILY = "1,2";
			};
			name = Debug;
		};
		448FC3282F80C89D002BECD3 /* Release */ = {
			isa = XCBuildConfiguration;
			buildSettings = {
				ASSETCATALOG_COMPILER_APPICON_NAME = AppIcon;
				ASSETCATALOG_COMPILER_GLOBAL_ACCENT_COLOR_NAME = AccentColor;
				"CODE_SIGN_IDENTITY[sdk=iphoneos*]" = "iPhone Distribution";
				CODE_SIGN_STYLE = Manual;
				CURRENT_PROJECT_VERSION = 4;
				DEVELOPMENT_ASSET_PATHS = "\"LaughBox/Preview Content\"";
				DEVELOPMENT_TEAM = "";
				"DEVELOPMENT_TEAM[sdk=iphoneos*]" = 63QFK8962Z;
				ENABLE_PREVIEWS = YES;
				GENERATE_INFOPLIST_FILE = YES;
				INFOPLIST_KEY_UIApplicationSceneManifest_Generation = YES;
				INFOPLIST_KEY_UIApplicationSupportsIndirectInputEvents = YES;
				INFOPLIST_KEY_UILaunchScreen_Generation = YES;
				INFOPLIST_KEY_UISupportedInterfaceOrientations_iPad = "UIInterfaceOrientationPortrait UIInterfaceOrientationPortraitUpsideDown UIInterfaceOrientationLandscapeLeft UIInterfaceOrientationLandscapeRight";
				INFOPLIST_KEY_UISupportedInterfaceOrientations_iPhone = "UIInterfaceOrientationPortrait UIInterfaceOrientationLandscapeLeft UIInterfaceOrientationLandscapeRight";
				LD_RUNPATH_SEARCH_PATHS = (
					"$(inherited)",
					"@executable_path/Frameworks",
				);
				MARKETING_VERSION = 1.0;
				PRODUCT_BUNDLE_IDENTIFIER = Mahim.LaughBox;
				PRODUCT_NAME = "$(TARGET_NAME)";
				PROVISIONING_PROFILE_SPECIFIER = "";
				"PROVISIONING_PROFILE_SPECIFIER[sdk=iphoneos*]" = "LaughBox Distribution";
				SWIFT_EMIT_LOC_STRINGS = YES;
				SWIFT_VERSION = 5.0;
				TARGETED_DEVICE_FAMILY = "1,2";
			};
			name = Release;
		};
		448FC32A2F80C89D002BECD3 /* Debug */ = {
			isa = XCBuildConfiguration;
			buildSettings = {
				ALWAYS_EMBED_SWIFT_STANDARD_LIBRARIES = YES;
				BUNDLE_LOADER = "$(TEST_HOST)";
				CODE_SIGN_STYLE = Automatic;
				CURRENT_PROJECT_VERSION = 4;
				DEVELOPMENT_TEAM = 63QFK8962Z;
				GENERATE_INFOPLIST_FILE = YES;
				IPHONEOS_DEPLOYMENT_TARGET = 16.2;
				MARKETING_VERSION = 1.0;
				PRODUCT_BUNDLE_IDENTIFIER = Mahim.LaughBoxTests;
				PRODUCT_NAME = "$(TARGET_NAME)";
				SWIFT_EMIT_LOC_STRINGS = NO;
				SWIFT_VERSION = 5.0;
				TARGETED_DEVICE_FAMILY = "1,2";
				TEST_HOST = "$(BUILT_PRODUCTS_DIR)/LaughBox.app/$(BUNDLE_EXECUTABLE_FOLDER_PATH)/LaughBox";
			};
			name = Debug;
		};
		448FC32B2F80C89D002BECD3 /* Release */ = {
			isa = XCBuildConfiguration;
			buildSettings = {
				ALWAYS_EMBED_SWIFT_STANDARD_LIBRARIES = YES;
				BUNDLE_LOADER = "$(TEST_HOST)";
				CODE_SIGN_STYLE = Automatic;
				CURRENT_PROJECT_VERSION = 4;
				DEVELOPMENT_TEAM = 63QFK8962Z;
				GENERATE_INFOPLIST_FILE = YES;
				IPHONEOS_DEPLOYMENT_TARGET = 16.2;
				MARKETING_VERSION = 1.0;
				PRODUCT_BUNDLE_IDENTIFIER = Mahim.LaughBoxTests;
				PRODUCT_NAME = "$(TARGET_NAME)";
				SWIFT_EMIT_LOC_STRINGS = NO;
				SWIFT_VERSION = 5.0;
				TARGETED_DEVICE_FAMILY = "1,2";
				TEST_HOST = "$(BUILT_PRODUCTS_DIR)/LaughBox.app/$(BUNDLE_EXECUTABLE_FOLDER_PATH)/LaughBox";
			};
			name = Release;
		};
		448FC32D2F80C89D002BECD3 /* Debug */ = {
			isa = XCBuildConfiguration;
			buildSettings = {
				ALWAYS_EMBED_SWIFT_STANDARD_LIBRARIES = YES;
				CODE_SIGN_STYLE = Automatic;
				CURRENT_PROJECT_VERSION = 4;
				DEVELOPMENT_TEAM = 63QFK8962Z;
				GENERATE_INFOPLIST_FILE = YES;
				MARKETING_VERSION = 1.0;
				PRODUCT_BUNDLE_IDENTIFIER = Mahim.LaughBoxUITests;
				PRODUCT_NAME = "$(TARGET_NAME)";
				SWIFT_EMIT_LOC_STRINGS = NO;
				SWIFT_VERSION = 5.0;
				TARGETED_DEVICE_FAMILY = "1,2";
				TEST_TARGET_NAME = LaughBox;
			};
			name = Debug;
		};
		448FC32E2F80C89D002BECD3 /* Release */ = {
			isa = XCBuildConfiguration;
			buildSettings = {
				ALWAYS_EMBED_SWIFT_STANDARD_LIBRARIES = YES;
				CODE_SIGN_STYLE = Automatic;
				CURRENT_PROJECT_VERSION = 4;
				DEVELOPMENT_TEAM = 63QFK8962Z;
				GENERATE_INFOPLIST_FILE = YES;
				MARKETING_VERSION = 1.0;
				PRODUCT_BUNDLE_IDENTIFIER = Mahim.LaughBoxUITests;
				PRODUCT_NAME = "$(TARGET_NAME)";
				SWIFT_EMIT_LOC_STRINGS = NO;
				SWIFT_VERSION = 5.0;
				TARGETED_DEVICE_FAMILY = "1,2";
				TEST_TARGET_NAME = LaughBox;
			};
			name = Release;
		};
/* End XCBuildConfiguration section */

/* Begin XCConfigurationList section */
		448FC2FD2F80C889002BECD3 /* Build configuration list for PBXProject "LaughBox" */ = {
			isa = XCConfigurationList;
			buildConfigurations = (
				448FC3242F80C89D002BECD3 /* Debug */,
				448FC3252F80C89D002BECD3 /* Release */,
			);
			defaultConfigurationIsVisible = 0;
			defaultConfigurationName = Release;
		};
		448FC3262F80C89D002BECD3 /* Build configuration list for PBXNativeTarget "LaughBox" */ = {
			isa = XCConfigurationList;
			buildConfigurations = (
				448FC3272F80C89D002BECD3 /* Debug */,
				448FC3282F80C89D002BECD3 /* Release */,
			);
			defaultConfigurationIsVisible = 0;
			defaultConfigurationName = Release;
		};
		448FC3292F80C89D002BECD3 /* Build configuration list for PBXNativeTarget "LaughBoxTests" */ = {
			isa = XCConfigurationList;
			buildConfigurations = (
				448FC32A2F80C89D002BECD3 /* Debug */,
				448FC32B2F80C89D002BECD3 /* Release */,
			);
			defaultConfigurationIsVisible = 0;
			defaultConfigurationName = Release;
		};
		448FC32C2F80C89D002BECD3 /* Build configuration list for PBXNativeTarget "LaughBoxUITests" */ = {
			isa = XCConfigurationList;
			buildConfigurations = (
				448FC32D2F80C89D002BECD3 /* Debug */,
				448FC32E2F80C89D002BECD3 /* Release */,
			);
			defaultConfigurationIsVisible = 0;
			defaultConfigurationName = Release;
		};
/* End XCConfigurationList section */
	};
	rootObject = 448FC2FA2F80C889002BECD3 /* Project object */;
}
